
Microsoft Visual Studio Solution File, Format Version 12.00
# Visual Studio Version 17
VisualStudioVersion = 17.8.34511.84
MinimumVisualStudioVersion = 10.0.40219.1
Project("{FAE04EC0-301F-11D3-BF4B-00C04F79EFBC}") = "library", "library\library.csproj", "{6BF9CAA5-E5BE-4311-B22F-F9299757E39A}"
EndProject
Global
	GlobalSection(SolutionConfigurationPlatforms) = preSolution
		Debug|Any CPU = Debug|Any CPU
		Release|Any CPU = Release|Any CPU
	EndGlobalSection
	GlobalSection(ProjectConfigurationPlatforms) = postSolution
		{6BF9CAA5-E5BE-4311-B22F-F9299757E39A}.Debug|Any CPU.ActiveCfg = Debug|Any CPU
		{6BF9CAA5-E5BE-4311-B22F-F9299757E39A}.Debug|Any CPU.Build.0 = Debug|Any CPU
		{6BF9CAA5-E5BE-4311-B22F-F9299757E39A}.Release|Any CPU.ActiveCfg = Release|Any CPU
		{6BF9CAA5-E5BE-4311-B22F-F9299757E39A}.Release|Any CPU.Build.0 = Release|Any CPU
	EndGlobalSection
	GlobalSection(SolutionProperties) = preSolution
		HideSolutionNode = FALSE
	EndGlobalSection
	GlobalSection(ExtensibilityGlobals) = postSolution
		SolutionGuid = {54E67969-B0AC-43BD-AC07-B0099CCA7275}
	EndGlobalSection
EndGlobal
